
Microsoft Visual Studio Solution File, Format Version 12.00
# Visual Studio Version 17
VisualStudioVersion = 17.0.31912.275
MinimumVisualStudioVersion = 10.0.40219.1
Project("{FAE04EC0-301F-11D3-BF4B-00C04F79EFBC}") = "04-03-2022", "04-03-2022\04-03-2022.csproj", "{7E4ABD77-A9F9-41FF-B8FD-3592FBEB92CC}"
EndProject
Global
	GlobalSection(SolutionConfigurationPlatforms) = preSolution
		Debug|Any CPU = Debug|Any CPU
		Release|Any CPU = Release|Any CPU
	EndGlobalSection
	GlobalSection(ProjectConfigurationPlatforms) = postSolution
		{7E4ABD77-A9F9-41FF-B8FD-3592FBEB92CC}.Debug|Any CPU.ActiveCfg = Debug|Any CPU
		{7E4ABD77-A9F9-41FF-B8FD-3592FBEB92CC}.Debug|Any CPU.Build.0 = Debug|Any CPU
		{7E4ABD77-A9F9-41FF-B8FD-3592FBEB92CC}.Release|Any CPU.ActiveCfg = Release|Any CPU
		{7E4ABD77-A9F9-41FF-B8FD-3592FBEB92CC}.Release|Any CPU.Build.0 = Release|Any CPU
	EndGlobalSection
	GlobalSection(SolutionProperties) = preSolution
		HideSolutionNode = FALSE
	EndGlobalSection
	GlobalSection(ExtensibilityGlobals) = postSolution
		SolutionGuid = {863C0B5A-3F72-4C4F-8DDB-C08D193455DC}
	EndGlobalSection
EndGlobal
